Microsoft Visual Studio Solution File, Format Version 12.00
# Visual Studio Version 17
VisualStudioVersion = 17.5.2.0
MinimumVisualStudioVersion = 10.0.40219.1
Project("{FAE04EC0-301F-11D3-BF4B-00C04F79EFBC}") = "InvoiceSystemAPI", "InvoiceSystemAPI.csproj", "{A2C35815-B269-C685-C86E-AA64968D329B}"
EndProject
Global
	GlobalSection(SolutionConfigurationPlatforms) = preSolution
		Debug|Any CPU = Debug|Any CPU
		Release|Any CPU = Release|Any CPU
	EndGlobalSection
	GlobalSection(ProjectConfigurationPlatforms) = postSolution
		{A2C35815-B269-C685-C86E-AA64968D329B}.Debug|Any CPU.ActiveCfg = Debug|Any CPU
		{A2C35815-B269-C685-C86E-AA64968D329B}.Debug|Any CPU.Build.0 = Debug|Any CPU
		{A2C35815-B269-C685-C86E-AA64968D329B}.Release|Any CPU.ActiveCfg = Release|Any CPU
		{A2C35815-B269-C685-C86E-AA64968D329B}.Release|Any CPU.Build.0 = Release|Any CPU
	EndGlobalSection
	GlobalSection(SolutionProperties) = preSolution
		HideSolutionNode = FALSE
	EndGlobalSection
	GlobalSection(ExtensibilityGlobals) = postSolution
		SolutionGuid = {6278BB7C-AE02-4FFE-8230-4646F05B7A63}
	EndGlobalSection
EndGlobal
